PODS:
  - atomic_x_core (0.0.1):
    - Flutter
  - Flutter (1.0.0)
  - fluttertoast (0.0.2):
    - Flutter
  - HydraAsync (2.0.6)
  - live_uikit_barrage (0.0.1):
    - Flutter
  - live_uikit_gift (0.0.1):
    - Flutter
  - Masonry (1.1.0)
  - open_file_ios (0.0.1):
    - Flutter
  - path_provider_foundation (0.0.1):
    - Flutter
    - FlutterMacOS
  - permission_handler_apple (9.3.0):
    - Flutter
  - rtc_room_engine_impl (3.6.1):
    - Flutter
    - RTCRoomEngine/Professional (~> 3.6.1)
  - RTCRoomEngine/Professional (3.6.1):
    - TXIMSDK_Plus_iOS_XCFramework (>= 8.4.6676)
    - TXLiteAVSDK_Professional (>= 12.8.0.19666)
  - SDWebImage (5.21.5):
    - SDWebImage/Core (= 5.21.5)
  - SDWebImage/Core (5.21.5)
  - shared_preferences_foundation (0.0.1):
    - Flutter
    - FlutterMacOS
  - sqflite_darwin (0.0.4):
    - Flutter
    - FlutterMacOS
  - TCEffectPlayer (3.3.248):
    - TCMediaX
  - TCMediaX (3.3.248)
  - tencent_calls_uikit (0.0.1):
    - Flutter
    - RTCRoomEngine/Professional
    - TUICore
  - tencent_cloud_chat_sdk (8.0.0):
    - Flutter
    - HydraAsync
    - TXIMSDK_Plus_iOS_XCFramework (~> 8.8.7357)
  - tencent_cloud_uikit_core (0.0.1):
    - Flutter
  - tencent_conference_uikit (0.0.1):
    - Flutter
  - tencent_live_uikit (0.0.1):
    - Flutter
    - TXLiteAVSDK_Professional
  - tencent_rtc_sdk (0.0.1):
    - Flutter
    - TXCustomBeautyProcesserPlugin (= 1.0.2)
    - TXLiteAVSDK_Professional (~> 12.9.20085)
  - TUICore (8.7.7201):
    - SDWebImage
    - TUICore/ImSDK_Plus (= 8.7.7201)
  - TUICore/Base (8.7.7201):
    - SDWebImage
  - TUICore/ImSDK_Plus (8.7.7201):
    - SDWebImage
    - TUICore/Base
    - TXIMSDK_Plus_iOS_XCFramework
  - tuikit_atomic_x (0.0.1):
    - Flutter
    - Masonry
  - TXCustomBeautyProcesserPlugin (1.0.2)
  - TXIMSDK_Plus_iOS_XCFramework (8.8.7357)
  - TXLiteAVSDK_Professional (12.9.20085):
    - TXLiteAVSDK_Professional/Professional (= 12.9.20085)
  - TXLiteAVSDK_Professional/Professional (12.9.20085)
  - url_launcher_ios (0.0.1):
    - Flutter
  - YTCommonXMagic (1.3.1)

DEPENDENCIES:
  - atomic_x_core (from `.symlinks/plugins/atomic_x_core/ios`)
  - Flutter (from `Flutter`)
  - fluttertoast (from `.symlinks/plugins/fluttertoast/ios`)
  - live_uikit_barrage (from `.symlinks/plugins/live_uikit_barrage/ios`)
  - live_uikit_gift (from `.symlinks/plugins/live_uikit_gift/ios`)
  - open_file_ios (from `.symlinks/plugins/open_file_ios/ios`)
  - path_provider_foundation (from `.symlinks/plugins/path_provider_foundation/darwin`)
  - permission_handler_apple (from `.symlinks/plugins/permission_handler_apple/ios`)
  - rtc_room_engine_impl (from `.symlinks/plugins/rtc_room_engine_impl/ios`)
  - shared_preferences_foundation (from `.symlinks/plugins/shared_preferences_foundation/darwin`)
  - sqflite_darwin (from `.symlinks/plugins/sqflite_darwin/darwin`)
  - TCEffectPlayer (from `https://mediacloud-76607.gzc.vod.tencent-cloud.com/MediaX/iOS/podspec/release/3.3/3.3.248/TCEffectPlayer.podspec`)
  - TCMediaX (from `https://mediacloud-76607.gzc.vod.tencent-cloud.com/MediaX/iOS/podspec/release/3.3/3.3.248/TCMediaX.podspec`)
  - tencent_calls_uikit (from `.symlinks/plugins/tencent_calls_uikit/ios`)
  - tencent_cloud_chat_sdk (from `.symlinks/plugins/tencent_cloud_chat_sdk/ios`)
  - tencent_cloud_uikit_core (from `.symlinks/plugins/tencent_cloud_uikit_core/ios`)
  - tencent_conference_uikit (from `.symlinks/plugins/tencent_conference_uikit/ios`)
  - tencent_live_uikit (from `.symlinks/plugins/tencent_live_uikit/ios`)
  - tencent_rtc_sdk (from `.symlinks/plugins/tencent_rtc_sdk/ios`)
  - tuikit_atomic_x (from `.symlinks/plugins/tuikit_atomic_x/ios`)
  - url_launcher_ios (from `.symlinks/plugins/url_launcher_ios/ios`)
  - YTCommonXMagic (from `https://mediacloud-76607.gzc.vod.tencent-cloud.com/MediaX/iOS/podspec/release/YTCommonXMagic_1.3.1/YTCommonXMagic.podspec`)

SPEC REPOS:
  trunk:
    - HydraAsync
    - Masonry
    - RTCRoomEngine
    - SDWebImage
    - TUICore
    - TXCustomBeautyProcesserPlugin
    - TXIMSDK_Plus_iOS_XCFramework
    - TXLiteAVSDK_Professional

EXTERNAL SOURCES:
  atomic_x_core:
    :path: ".symlinks/plugins/atomic_x_core/ios"
  Flutter:
    :path: Flutter
  fluttertoast:
    :path: ".symlinks/plugins/fluttertoast/ios"
  live_uikit_barrage:
    :path: ".symlinks/plugins/live_uikit_barrage/ios"
  live_uikit_gift:
    :path: ".symlinks/plugins/live_uikit_gift/ios"
  open_file_ios:
    :path: ".symlinks/plugins/open_file_ios/ios"
  path_provider_foundation:
    :path: ".symlinks/plugins/path_provider_foundation/darwin"
  permission_handler_apple:
    :path: ".symlinks/plugins/permission_handler_apple/ios"
  rtc_room_engine_impl:
    :path: ".symlinks/plugins/rtc_room_engine_impl/ios"
  shared_preferences_foundation:
    :path: ".symlinks/plugins/shared_preferences_foundation/darwin"
  sqflite_darwin:
    :path: ".symlinks/plugins/sqflite_darwin/darwin"
  TCEffectPlayer:
    :podspec: https://mediacloud-76607.gzc.vod.tencent-cloud.com/MediaX/iOS/podspec/release/3.3/3.3.248/TCEffectPlayer.podspec
  TCMediaX:
    :podspec: https://mediacloud-76607.gzc.vod.tencent-cloud.com/MediaX/iOS/podspec/release/3.3/3.3.248/TCMediaX.podspec
  tencent_calls_uikit:
    :path: ".symlinks/plugins/tencent_calls_uikit/ios"
  tencent_cloud_chat_sdk:
    :path: ".symlinks/plugins/tencent_cloud_chat_sdk/ios"
  tencent_cloud_uikit_core:
    :path: ".symlinks/plugins/tencent_cloud_uikit_core/ios"
  tencent_conference_uikit:
    :path: ".symlinks/plugins/tencent_conference_uikit/ios"
  tencent_live_uikit:
    :path: ".symlinks/plugins/tencent_live_uikit/ios"
  tencent_rtc_sdk:
    :path: ".symlinks/plugins/tencent_rtc_sdk/ios"
  tuikit_atomic_x:
    :path: ".symlinks/plugins/tuikit_atomic_x/ios"
  url_launcher_ios:
    :path: ".symlinks/plugins/url_launcher_ios/ios"
  YTCommonXMagic:
    :podspec: https://mediacloud-76607.gzc.vod.tencent-cloud.com/MediaX/iOS/podspec/release/YTCommonXMagic_1.3.1/YTCommonXMagic.podspec

SPEC CHECKSUMS:
  atomic_x_core: 9ab26b4f42d08021f68ba622a35835e1f58cc463
  Flutter: cabc95a1d2626b1b06e7179b784ebcf0c0cde467
  fluttertoast: 2c67e14dce98bbdb200df9e1acf610d7a6264ea1
  HydraAsync: 8d589bd725b0224f899afafc9a396327405f8063
  live_uikit_barrage: 802347020bcceb9a0ac6a6a81002e55e4c6588e4
  live_uikit_gift: 404a1d56ea15023ca6bfc41ed0d4a63b8a50858b
  Masonry: 678fab65091a9290e40e2832a55e7ab731aad201
  open_file_ios: 5ff7526df64e4394b4fe207636b67a95e83078bb
  path_provider_foundation: bb55f6dbba17d0dccd6737fe6f7f34fbd0376880
  permission_handler_apple: 4ed2196e43d0651e8ff7ca3483a069d469701f2d
  rtc_room_engine_impl: d402b2ebe64af6ed22ad73117add4ff09e84ad85
  RTCRoomEngine: 2f32f569011af97e960f3bbefb050bde0acd5cf5
  SDWebImage: e9c98383c7572d713c1a0d7dd2783b10599b9838
  shared_preferences_foundation: 7036424c3d8ec98dfe75ff1667cb0cd531ec82bb
  sqflite_darwin: 20b2a3a3b70e43edae938624ce550a3cbf66a3d0
  TCEffectPlayer: 2402b31129a135b362185f2505da3e47dd748741
  TCMediaX: 9a9b1353aa93d0e610e07605637426311c7474c6
  tencent_calls_uikit: 6801c8e74a59502e6433c654192a89c2bfc83340
  tencent_cloud_chat_sdk: 9a380e6fc0a3ceb5ed1a432aa2da9845bfbb484b
  tencent_cloud_uikit_core: 137e8ae40882b1929508e688182b2818708cc078
  tencent_conference_uikit: 90f4d18278c0ba57a9329b096eec85a33a5599a1
  tencent_live_uikit: 16c3a3ccde51bdc2db743e85200808b91c843c2c
  tencent_rtc_sdk: 4255c990b0cd74bdf832f76df6ff7d0c94b961dc
  TUICore: f58c2bb34933590e144fa01644ebdbf04ee97ddc
  tuikit_atomic_x: 2990614794c0412f739818557ff565690d8d536c
  TXCustomBeautyProcesserPlugin: 099393b941cb40eda12b3a80bf6c0319957b1cfd
  TXIMSDK_Plus_iOS_XCFramework: d3635f1a5d26451ccf2324f5e88d90bf4f41e540
  TXLiteAVSDK_Professional: 8cf38407bed4271f03389eecba30fbb64017ff49
  url_launcher_ios: 7a95fa5b60cc718a708b8f2966718e93db0cef1b
  YTCommonXMagic: eeb1ffa7c3d33ae27a151488885ad52bb85c0b77

PODFILE CHECKSUM: d1dac78b959740b968dc33381aab71a89eeaacf7

COCOAPODS: 1.16.2
