PODS:
  - atomic_x (0.0.1):
    - Flutter
  - atomic_x_core (0.0.1):
    - Flutter
  - audio_session (0.0.1):
    - Flutter
  - device_info_plus (0.0.1):
    - Flutter
  - DKImagePickerController/Core (4.3.9):
    - DKImagePickerController/ImageDataManager
    - DKImagePickerController/Resource
  - DKImagePickerController/ImageDataManager (4.3.9)
  - DKImagePickerController/PhotoGallery (4.3.9):
    - DKImagePickerController/Core
    - DKPhotoGallery
  - DKImagePickerController/Resource (4.3.9)
  - DKPhotoGallery (0.0.19):
    - DKPhotoGallery/Core (= 0.0.19)
    - DKPhotoGallery/Model (= 0.0.19)
    - DKPhotoGallery/Preview (= 0.0.19)
    - DKPhotoGallery/Resource (= 0.0.19)
    - SDWebImage
    - SwiftyGif
  - DKPhotoGallery/Core (0.0.19):
    - DKPhotoGallery/Model
    - DKPhotoGallery/Preview
    - SDWebImage
    - SwiftyGif
  - DKPhotoGallery/Model (0.0.19):
    - SDWebImage
    - SwiftyGif
  - DKPhotoGallery/Preview (0.0.19):
    - DKPhotoGallery/Model
    - DKPhotoGallery/Resource
    - SDWebImage
    - SwiftyGif
  - DKPhotoGallery/Resource (0.0.19):
    - SDWebImage
    - SwiftyGif
  - fc_native_video_thumbnail (0.0.1):
    - Flutter
    - FlutterMacOS
  - file_picker (0.0.1):
    - DKImagePickerController/PhotoGallery
    - Flutter
  - Flutter (1.0.0)
  - fluttertoast (0.0.2):
    - Flutter
  - HydraAsync (2.0.6)
  - image_picker_ios (0.0.1):
    - Flutter
  - integration_test (0.0.1):
    - Flutter
  - just_audio (0.0.1):
    - Flutter
    - FlutterMacOS
  - path_provider_foundation (0.0.1):
    - Flutter
    - FlutterMacOS
  - permission_handler_apple (9.3.0):
    - Flutter
  - photo_manager (3.7.1):
    - Flutter
    - FlutterMacOS
  - record_ios (1.1.0):
    - Flutter
  - rtc_room_engine (3.3.0):
    - Flutter
    - RTCRoomEngine
  - RTCRoomEngine (3.4.0):
    - RTCRoomEngine/Professional (= 3.4.0)
    - TXIMSDK_Plus_iOS_XCFramework (>= 8.7.7021)
    - TXLiteAVSDK_Professional (>= 11.7.15304)
  - RTCRoomEngine/Professional (3.4.0):
    - TXIMSDK_Plus_iOS_XCFramework (>= 8.7.7021)
    - TXLiteAVSDK_Professional (>= 11.7.15304)
  - SDWebImage (5.21.2):
    - SDWebImage/Core (= 5.21.2)
  - SDWebImage/Core (5.21.2)
  - shared_preferences_foundation (0.0.1):
    - Flutter
    - FlutterMacOS
  - sqflite_darwin (0.0.4):
    - Flutter
    - FlutterMacOS
  - SwiftyGif (5.4.5)
  - tencent_calls_uikit (0.0.1):
    - Flutter
  - tencent_cloud_chat_sdk (8.0.0):
    - Flutter
    - HydraAsync
    - TXIMSDK_Plus_iOS_XCFramework (~> 8.7.7201)
  - tencent_cloud_uikit_core (0.0.1):
    - Flutter
  - tencent_rtc_sdk (0.0.1):
    - Flutter
    - TXCustomBeautyProcesserPlugin (= 1.0.2)
    - TXLiteAVSDK_Professional (~> 12.6.18866)
  - TXCustomBeautyProcesserPlugin (1.0.2)
  - TXIMSDK_Plus_iOS_XCFramework (8.7.7201)
  - TXLiteAVSDK_Professional (12.6.18894):
    - TXLiteAVSDK_Professional/Professional (= 12.6.18894)
  - TXLiteAVSDK_Professional/Professional (12.6.18894)
  - url_launcher_ios (0.0.1):
    - Flutter
  - video_player_avfoundation (0.0.1):
    - Flutter
    - FlutterMacOS

DEPENDENCIES:
  - atomic_x (from `.symlinks/plugins/atomic_x/ios`)
  - atomic_x_core (from `.symlinks/plugins/atomic_x_core/ios`)
  - audio_session (from `.symlinks/plugins/audio_session/ios`)
  - device_info_plus (from `.symlinks/plugins/device_info_plus/ios`)
  - fc_native_video_thumbnail (from `.symlinks/plugins/fc_native_video_thumbnail/darwin`)
  - file_picker (from `.symlinks/plugins/file_picker/ios`)
  - Flutter (from `Flutter`)
  - fluttertoast (from `.symlinks/plugins/fluttertoast/ios`)
  - image_picker_ios (from `.symlinks/plugins/image_picker_ios/ios`)
  - integration_test (from `.symlinks/plugins/integration_test/ios`)
  - just_audio (from `.symlinks/plugins/just_audio/darwin`)
  - path_provider_foundation (from `.symlinks/plugins/path_provider_foundation/darwin`)
  - permission_handler_apple (from `.symlinks/plugins/permission_handler_apple/ios`)
  - photo_manager (from `.symlinks/plugins/photo_manager/ios`)
  - record_ios (from `.symlinks/plugins/record_ios/ios`)
  - rtc_room_engine (from `.symlinks/plugins/rtc_room_engine/ios`)
  - RTCRoomEngine (from `/Users/vincepzhang/UGit/work_sapce/tuikit_engine`)
  - shared_preferences_foundation (from `.symlinks/plugins/shared_preferences_foundation/darwin`)
  - sqflite_darwin (from `.symlinks/plugins/sqflite_darwin/darwin`)
  - tencent_calls_uikit (from `.symlinks/plugins/tencent_calls_uikit/ios`)
  - tencent_cloud_chat_sdk (from `.symlinks/plugins/tencent_cloud_chat_sdk/ios`)
  - tencent_cloud_uikit_core (from `.symlinks/plugins/tencent_cloud_uikit_core/ios`)
  - tencent_rtc_sdk (from `.symlinks/plugins/tencent_rtc_sdk/ios`)
  - url_launcher_ios (from `.symlinks/plugins/url_launcher_ios/ios`)
  - video_player_avfoundation (from `.symlinks/plugins/video_player_avfoundation/darwin`)

SPEC REPOS:
  trunk:
    - DKImagePickerController
    - DKPhotoGallery
    - HydraAsync
    - SDWebImage
    - SwiftyGif
    - TXCustomBeautyProcesserPlugin
    - TXIMSDK_Plus_iOS_XCFramework
    - TXLiteAVSDK_Professional

EXTERNAL SOURCES:
  atomic_x:
    :path: ".symlinks/plugins/atomic_x/ios"
  atomic_x_core:
    :path: ".symlinks/plugins/atomic_x_core/ios"
  audio_session:
    :path: ".symlinks/plugins/audio_session/ios"
  device_info_plus:
    :path: ".symlinks/plugins/device_info_plus/ios"
  fc_native_video_thumbnail:
    :path: ".symlinks/plugins/fc_native_video_thumbnail/darwin"
  file_picker:
    :path: ".symlinks/plugins/file_picker/ios"
  Flutter:
    :path: Flutter
  fluttertoast:
    :path: ".symlinks/plugins/fluttertoast/ios"
  image_picker_ios:
    :path: ".symlinks/plugins/image_picker_ios/ios"
  integration_test:
    :path: ".symlinks/plugins/integration_test/ios"
  just_audio:
    :path: ".symlinks/plugins/just_audio/darwin"
  path_provider_foundation:
    :path: ".symlinks/plugins/path_provider_foundation/darwin"
  permission_handler_apple:
    :path: ".symlinks/plugins/permission_handler_apple/ios"
  photo_manager:
    :path: ".symlinks/plugins/photo_manager/ios"
  record_ios:
    :path: ".symlinks/plugins/record_ios/ios"
  rtc_room_engine:
    :path: ".symlinks/plugins/rtc_room_engine/ios"
  RTCRoomEngine:
    :path: "/Users/vincepzhang/UGit/work_sapce/tuikit_engine"
  shared_preferences_foundation:
    :path: ".symlinks/plugins/shared_preferences_foundation/darwin"
  sqflite_darwin:
    :path: ".symlinks/plugins/sqflite_darwin/darwin"
  tencent_calls_uikit:
    :path: ".symlinks/plugins/tencent_calls_uikit/ios"
  tencent_cloud_chat_sdk:
    :path: ".symlinks/plugins/tencent_cloud_chat_sdk/ios"
  tencent_cloud_uikit_core:
    :path: ".symlinks/plugins/tencent_cloud_uikit_core/ios"
  tencent_rtc_sdk:
    :path: ".symlinks/plugins/tencent_rtc_sdk/ios"
  url_launcher_ios:
    :path: ".symlinks/plugins/url_launcher_ios/ios"
  video_player_avfoundation:
    :path: ".symlinks/plugins/video_player_avfoundation/darwin"

SPEC CHECKSUMS:
  atomic_x: 90aadf71691ecd8af8dfb56a6d185f599694b5c3
  atomic_x_core: 9ab26b4f42d08021f68ba622a35835e1f58cc463
  audio_session: 9bb7f6c970f21241b19f5a3658097ae459681ba0
  device_info_plus: 21fcca2080fbcd348be798aa36c3e5ed849eefbe
  DKImagePickerController: 946cec48c7873164274ecc4624d19e3da4c1ef3c
  DKPhotoGallery: b3834fecb755ee09a593d7c9e389d8b5d6deed60
  fc_native_video_thumbnail: ea75aa9d0f7e7b58215d2ad99ac9dddafc038bc9
  file_picker: a0560bc09d61de87f12d246fc47d2119e6ef37be
  Flutter: e0871f40cf51350855a761d2e70bf5af5b9b5de7
  fluttertoast: 2c67e14dce98bbdb200df9e1acf610d7a6264ea1
  HydraAsync: 8d589bd725b0224f899afafc9a396327405f8063
  image_picker_ios: 7fe1ff8e34c1790d6fff70a32484959f563a928a
  integration_test: 4a889634ef21a45d28d50d622cf412dc6d9f586e
  just_audio: 4e391f57b79cad2b0674030a00453ca5ce817eed
  path_provider_foundation: 080d55be775b7414fd5a5ef3ac137b97b097e564
  permission_handler_apple: 4ed2196e43d0651e8ff7ca3483a069d469701f2d
  photo_manager: 1d80ae07a89a67dfbcae95953a1e5a24af7c3e62
  record_ios: f75fa1d57f840012775c0e93a38a7f3ceea1a374
  rtc_room_engine: c89667170c92f3581637fc4a5eab82cfda07dddc
  RTCRoomEngine: 598bc9208aa2a890dd246adc5e22413f31f3d38a
  SDWebImage: 9f177d83116802728e122410fb25ad88f5c7608a
  shared_preferences_foundation: 9e1978ff2562383bd5676f64ec4e9aa8fa06a6f7
  sqflite_darwin: 20b2a3a3b70e43edae938624ce550a3cbf66a3d0
  SwiftyGif: 706c60cf65fa2bc5ee0313beece843c8eb8194d4
  tencent_calls_uikit: f8f22d5abe68db8fc2a115aaa5aa6543d7875d0c
  tencent_cloud_chat_sdk: cfc39114e05d5d2218d97417369c5a798b6f9caf
  tencent_cloud_uikit_core: 137e8ae40882b1929508e688182b2818708cc078
  tencent_rtc_sdk: 339dd11f7b5e441a0bcc85caf989d43bfc4ddb53
  TXCustomBeautyProcesserPlugin: 099393b941cb40eda12b3a80bf6c0319957b1cfd
  TXIMSDK_Plus_iOS_XCFramework: 3b435eae84c639f35ae8dc9c8b92c399a8b0a67f
  TXLiteAVSDK_Professional: adf74fce095f059a6c400f4e8d062b47eea92261
  url_launcher_ios: 694010445543906933d732453a59da0a173ae33d
  video_player_avfoundation: 2cef49524dd1f16c5300b9cd6efd9611ce03639b

PODFILE CHECKSUM: 9ed6673569df550971208ec6ec2d3bcdb2d7c6e2

COCOAPODS: 1.16.2
